
Microsoft Visual Studio Solution File, Format Version 12.00
Project("{FAE04EC0-301F-11D3-BF4B-00C04F79EFBC}") = "ContentSplitter", "ContentSplitter.csproj", "{88999E8D-2774-48C8-8404-07858900B0FB}"
EndProject
Global
	GlobalSection(SolutionConfigurationPlatforms) = preSolution
		Debug|Any CPU = Debug|Any CPU
		Release|Any CPU = Release|Any CPU
	EndGlobalSection
	GlobalSection(ProjectConfigurationPlatforms) = postSolution
		{88999E8D-2774-48C8-8404-07858900B0FB}.Debug|Any CPU.ActiveCfg = Debug|Any CPU
		{88999E8D-2774-48C8-8404-07858900B0FB}.Debug|Any CPU.Build.0 = Debug|Any CPU
		{88999E8D-2774-48C8-8404-07858900B0FB}.Release|Any CPU.ActiveCfg = Release|Any CPU
		{88999E8D-2774-48C8-8404-07858900B0FB}.Release|Any CPU.Build.0 = Release|Any CPU
	EndGlobalSection
EndGlobal
