
Microsoft Visual Studio Solution File, Format Version 12.00
# Visual Studio Version 16
VisualStudioVersion = 16.0.30503.244
MinimumVisualStudioVersion = 10.0.40219.1
Project("{9A19103F-16F7-4668-BE54-9A1E7A4F7556}") = "LockedDownBot", "LockedDownBot\LockedDownBot.csproj", "{4CCACBDA-BA3F-45A2-B289-F612E71F9EA1}"
EndProject
Project("{2150E333-8FDC-42A3-9474-1A3956D46DE8}") = "Prompts", "Prompts", "{0A166ABB-1479-45B7-87D6-3FD7A80F372B}"
EndProject
Project("{FAE04EC0-301F-11D3-BF4B-00C04F79EFBC}") = "BotComposerOpenAi", "BotComposerOpenAi\BotComposerOpenAi.csproj", "{440DFD99-67B5-4B9B-9D03-AE1BDE919EEA}"
EndProject
Project("{FAE04EC0-301F-11D3-BF4B-00C04F79EFBC}") = "OpenAiSimplePipeline", "OpenAiSimplePipeline\OpenAiSimplePipeline.csproj", "{6C80F668-4D26-4590-B35B-9482D9A01FC1}"
EndProject
Global
	GlobalSection(SolutionConfigurationPlatforms) = preSolution
		Debug|Any CPU = Debug|Any CPU
		Release|Any CPU = Release|Any CPU
	EndGlobalSection
	GlobalSection(ProjectConfigurationPlatforms) = postSolution
		{4CCACBDA-BA3F-45A2-B289-F612E71F9EA1}.Debug|Any CPU.ActiveCfg = Debug|Any CPU
		{4CCACBDA-BA3F-45A2-B289-F612E71F9EA1}.Debug|Any CPU.Build.0 = Debug|Any CPU
		{4CCACBDA-BA3F-45A2-B289-F612E71F9EA1}.Release|Any CPU.ActiveCfg = Release|Any CPU
		{4CCACBDA-BA3F-45A2-B289-F612E71F9EA1}.Release|Any CPU.Build.0 = Release|Any CPU
		{440DFD99-67B5-4B9B-9D03-AE1BDE919EEA}.Debug|Any CPU.ActiveCfg = Debug|Any CPU
		{440DFD99-67B5-4B9B-9D03-AE1BDE919EEA}.Debug|Any CPU.Build.0 = Debug|Any CPU
		{440DFD99-67B5-4B9B-9D03-AE1BDE919EEA}.Release|Any CPU.ActiveCfg = Release|Any CPU
		{440DFD99-67B5-4B9B-9D03-AE1BDE919EEA}.Release|Any CPU.Build.0 = Release|Any CPU
		{6C80F668-4D26-4590-B35B-9482D9A01FC1}.Debug|Any CPU.ActiveCfg = Debug|Any CPU
		{6C80F668-4D26-4590-B35B-9482D9A01FC1}.Debug|Any CPU.Build.0 = Debug|Any CPU
		{6C80F668-4D26-4590-B35B-9482D9A01FC1}.Release|Any CPU.ActiveCfg = Release|Any CPU
		{6C80F668-4D26-4590-B35B-9482D9A01FC1}.Release|Any CPU.Build.0 = Release|Any CPU
	EndGlobalSection
	GlobalSection(SolutionProperties) = preSolution
		HideSolutionNode = FALSE
	EndGlobalSection
	GlobalSection(ExtensibilityGlobals) = postSolution
		SolutionGuid = {8B6789BD-D99D-4A1D-902A-1BD58AF2AB0F}
	EndGlobalSection
EndGlobal
